
Microsoft Visual Studio Solution File, Format Version 12.00
# Visual Studio Version 17
VisualStudioVersion = 17.5.33530.505
MinimumVisualStudioVersion = 10.0.40219.1
Project("{2150E333-8FDC-42A3-9474-1A3956D46DE8}") = "Presentations", "Presentations", "{D6488694-B4E6-4172-8CFC-6E331C1FC435}"
EndProject
Project("{9A19103F-16F7-4668-BE54-9A1E7A4F7556}") = "NoteApp.ConsoleUI", "NoteApp.ConsoleUI\NoteApp.ConsoleUI.csproj", "{00D6CEDB-A60A-4154-ADFF-FC7C409626E4}"
EndProject
Project("{2150E333-8FDC-42A3-9474-1A3956D46DE8}") = "BusinessLogic", "BusinessLogic", "{AF37DF88-8006-4B68-AF85-F1742983DF52}"
EndProject
Project("{2150E333-8FDC-42A3-9474-1A3956D46DE8}") = "DataAccess", "DataAccess", "{8137CD3A-E712-43E7-8D88-B23BFE765078}"
EndProject
Project("{9A19103F-16F7-4668-BE54-9A1E7A4F7556}") = "WebNote", "WebNote\WebNote.csproj", "{06BFFE96-E02A-49D6-82AF-6CA74A06C38B}"
EndProject
Project("{2150E333-8FDC-42A3-9474-1A3956D46DE8}") = "NotesTests", "NotesTests", "{CA4A4200-68FC-49CA-ADDE-8057365F191D}"
EndProject
Project("{9A19103F-16F7-4668-BE54-9A1E7A4F7556}") = "Notes.BusinessLogic.Tests", "Notes.BusinessLogic.Tests\Notes.BusinessLogic.Tests.csproj", "{B4B82C16-2DCD-41AE-91BB-3A3CD45BFE96}"
EndProject
Project("{9A19103F-16F7-4668-BE54-9A1E7A4F7556}") = "NoteApp.BusinessLogic", "BusinessLogic.NoteApp\NoteApp.BusinessLogic.csproj", "{A3169ED6-1ACD-46A1-B681-ECDA34DFD524}"
EndProject
Project("{9A19103F-16F7-4668-BE54-9A1E7A4F7556}") = "NoteApp.Data", "DataAccess.NoteApp\NoteApp.Data.csproj", "{33CC5A26-9D22-44C5-8089-68F45724FE16}"
EndProject
Global
	GlobalSection(SolutionConfigurationPlatforms) = preSolution
		Debug|Any CPU = Debug|Any CPU
		Release|Any CPU = Release|Any CPU
	EndGlobalSection
	GlobalSection(ProjectConfigurationPlatforms) = postSolution
		{00D6CEDB-A60A-4154-ADFF-FC7C409626E4}.Debug|Any CPU.ActiveCfg = Debug|Any CPU
		{00D6CEDB-A60A-4154-ADFF-FC7C409626E4}.Debug|Any CPU.Build.0 = Debug|Any CPU
		{00D6CEDB-A60A-4154-ADFF-FC7C409626E4}.Release|Any CPU.ActiveCfg = Release|Any CPU
		{00D6CEDB-A60A-4154-ADFF-FC7C409626E4}.Release|Any CPU.Build.0 = Release|Any CPU
		{06BFFE96-E02A-49D6-82AF-6CA74A06C38B}.Debug|Any CPU.ActiveCfg = Debug|Any CPU
		{06BFFE96-E02A-49D6-82AF-6CA74A06C38B}.Debug|Any CPU.Build.0 = Debug|Any CPU
		{06BFFE96-E02A-49D6-82AF-6CA74A06C38B}.Release|Any CPU.ActiveCfg = Release|Any CPU
		{06BFFE96-E02A-49D6-82AF-6CA74A06C38B}.Release|Any CPU.Build.0 = Release|Any CPU
		{B4B82C16-2DCD-41AE-91BB-3A3CD45BFE96}.Debug|Any CPU.ActiveCfg = Debug|Any CPU
		{B4B82C16-2DCD-41AE-91BB-3A3CD45BFE96}.Debug|Any CPU.Build.0 = Debug|Any CPU
		{B4B82C16-2DCD-41AE-91BB-3A3CD45BFE96}.Release|Any CPU.ActiveCfg = Release|Any CPU
		{B4B82C16-2DCD-41AE-91BB-3A3CD45BFE96}.Release|Any CPU.Build.0 = Release|Any CPU
		{A3169ED6-1ACD-46A1-B681-ECDA34DFD524}.Debug|Any CPU.ActiveCfg = Debug|Any CPU
		{A3169ED6-1ACD-46A1-B681-ECDA34DFD524}.Debug|Any CPU.Build.0 = Debug|Any CPU
		{A3169ED6-1ACD-46A1-B681-ECDA34DFD524}.Release|Any CPU.ActiveCfg = Release|Any CPU
		{A3169ED6-1ACD-46A1-B681-ECDA34DFD524}.Release|Any CPU.Build.0 = Release|Any CPU
		{33CC5A26-9D22-44C5-8089-68F45724FE16}.Debug|Any CPU.ActiveCfg = Debug|Any CPU
		{33CC5A26-9D22-44C5-8089-68F45724FE16}.Debug|Any CPU.Build.0 = Debug|Any CPU
		{33CC5A26-9D22-44C5-8089-68F45724FE16}.Release|Any CPU.ActiveCfg = Release|Any CPU
		{33CC5A26-9D22-44C5-8089-68F45724FE16}.Release|Any CPU.Build.0 = Release|Any CPU
	EndGlobalSection
	GlobalSection(SolutionProperties) = preSolution
		HideSolutionNode = FALSE
	EndGlobalSection
	GlobalSection(NestedProjects) = preSolution
		{00D6CEDB-A60A-4154-ADFF-FC7C409626E4} = {D6488694-B4E6-4172-8CFC-6E331C1FC435}
		{06BFFE96-E02A-49D6-82AF-6CA74A06C38B} = {D6488694-B4E6-4172-8CFC-6E331C1FC435}
		{B4B82C16-2DCD-41AE-91BB-3A3CD45BFE96} = {CA4A4200-68FC-49CA-ADDE-8057365F191D}
		{A3169ED6-1ACD-46A1-B681-ECDA34DFD524} = {AF37DF88-8006-4B68-AF85-F1742983DF52}
		{33CC5A26-9D22-44C5-8089-68F45724FE16} = {8137CD3A-E712-43E7-8D88-B23BFE765078}
	EndGlobalSection
	GlobalSection(ExtensibilityGlobals) = postSolution
		SolutionGuid = {10729755-81B7-40A9-8F24-873B87D0224C}
	EndGlobalSection
EndGlobal
